
Microsoft Visual Studio Solution File, Format Version 12.00
# Visual Studio Version 16
VisualStudioVersion = 16.0.34114.132
MinimumVisualStudioVersion = 10.0.40219.1
Project("{FAE04EC0-301F-11D3-BF4B-00C04F79EFBC}") = "bahar_odev1", "bahar_odev1\bahar_odev1.csproj", "{BEC25C35-011D-42E0-B49B-596888687F26}"
EndProject
Global
	GlobalSection(SolutionConfigurationPlatforms) = preSolution
		Debug|Any CPU = Debug|Any CPU
		Release|Any CPU = Release|Any CPU
	EndGlobalSection
	GlobalSection(ProjectConfigurationPlatforms) = postSolution
		{BEC25C35-011D-42E0-B49B-596888687F26}.Debug|Any CPU.ActiveCfg = Debug|Any CPU
		{BEC25C35-011D-42E0-B49B-596888687F26}.Debug|Any CPU.Build.0 = Debug|Any CPU
		{BEC25C35-011D-42E0-B49B-596888687F26}.Release|Any CPU.ActiveCfg = Release|Any CPU
		{BEC25C35-011D-42E0-B49B-596888687F26}.Release|Any CPU.Build.0 = Release|Any CPU
	EndGlobalSection
	GlobalSection(SolutionProperties) = preSolution
		HideSolutionNode = FALSE
	EndGlobalSection
	GlobalSection(ExtensibilityGlobals) = postSolution
		SolutionGuid = {7C92B665-D4CD-4FEA-8B61-AC2686B6B936}
	EndGlobalSection
EndGlobal
